
Microsoft Visual Studio Solution File, Format Version 12.00
# Visual Studio Version 17
VisualStudioVersion = 17.7.34221.43
MinimumVisualStudioVersion = 10.0.40219.1
Project("{8BC9CEB8-8B4A-11D0-8D11-00A0C91BC942}") = "RefactorStringParser", "RefactorStringParser.vcxproj", "{AC4AA6EE-BE13-4D7B-8775-332DA082491C}"
EndProject
Global
	GlobalSection(SolutionConfigurationPlatforms) = preSolution
		Debug|x64 = Debug|x64
		Debug|x86 = Debug|x86
		Release|x64 = Release|x64
		Release|x86 = Release|x86
	EndGlobalSection
	GlobalSection(ProjectConfigurationPlatforms) = postSolution
		{AC4AA6EE-BE13-4D7B-8775-332DA082491C}.Debug|x64.ActiveCfg = Debug|x64
		{AC4AA6EE-BE13-4D7B-8775-332DA082491C}.Debug|x64.Build.0 = Debug|x64
		{AC4AA6EE-BE13-4D7B-8775-332DA082491C}.Debug|x86.ActiveCfg = Debug|Win32
		{AC4AA6EE-BE13-4D7B-8775-332DA082491C}.Debug|x86.Build.0 = Debug|Win32
		{AC4AA6EE-BE13-4D7B-8775-332DA082491C}.Release|x64.ActiveCfg = Release|x64
		{AC4AA6EE-BE13-4D7B-8775-332DA082491C}.Release|x64.Build.0 = Release|x64
		{AC4AA6EE-BE13-4D7B-8775-332DA082491C}.Release|x86.ActiveCfg = Release|Win32
		{AC4AA6EE-BE13-4D7B-8775-332DA082491C}.Release|x86.Build.0 = Release|Win32
	EndGlobalSection
	GlobalSection(SolutionProperties) = preSolution
		HideSolutionNode = FALSE
	EndGlobalSection
	GlobalSection(ExtensibilityGlobals) = postSolution
		SolutionGuid = {57A3ABC0-1ABE-4882-909B-E82EFDC39CFD}
	EndGlobalSection
EndGlobal
