<?xml version="1.0" encoding="utf-8"?>
<Project ToolsVersion="4.0" xmlns="http://schemas.microsoft.com/developer/msbuild/2003">
  <ItemGroup>
    <Filter Include="Source Files">
      <UniqueIdentifier>{de247500-8a90-447a-81b5-93c2d0853142}</UniqueIdentifier>
      <Extensions>cpp;c;cxx;rc;def;r;odl;idl;hpj;bat</Extensions>
    </Filter>
    <Filter Include="Header Files">
      <UniqueIdentifier>{2eeeefe5-90e9-46eb-87d9-2dec0dafba67}</UniqueIdentifier>
      <Extensions>h;hpp;hxx;hm;inl</Extensions>
    </Filter>
    <Filter Include="Resource Files">
      <UniqueIdentifier>{9e0f20fc-b6fe-4a0b-8a82-a999b6695c1e}</UniqueIdentifier>
      <Extensions>ico;cur;bmp;dlg;rc2;rct;bin;rgs;gif;jpg;jpeg;jpe</Extensions>
    </Filter>
  </ItemGroup>
  <ItemGroup>
    <ClCompile Include="SockGame1.cpp">
      <Filter>Source Files</Filter>
    </ClCompile>
    <ClCompile Include="SockGame1Dlg.cpp">
      <Filter>Source Files</Filter>
    </ClCompile>
    <ClCompile Include="StdAfx.cpp">
      <Filter>Source Files</Filter>
    </ClCompile>
  </ItemGroup>
  <ItemGroup>
    <ResourceCompile Include="SockGame1.rc">
      <Filter>Source Files</Filter>
    </ResourceCompile>
  </ItemGroup>
  <ItemGroup>
    <ClInclude Include="Resource.h">
      <Filter>Header Files</Filter>
    </ClInclude>
    <ClInclude Include="SockGame1.h">
      <Filter>Header Files</Filter>
    </ClInclude>
    <ClInclude Include="SockGame1Dlg.h">
      <Filter>Header Files</Filter>
    </ClInclude>
    <ClInclude Include="StdAfx.h">
      <Filter>Header Files</Filter>
    </ClInclude>
  </ItemGroup>
  <ItemGroup>
    <Image Include="res\backimag.bmp">
      <Filter>Resource Files</Filter>
    </Image>
    <Image Include="backImage2.bmp">
      <Filter>Resource Files</Filter>
    </Image>
    <Image Include="res\bitmap1.bmp">
      <Filter>Resource Files</Filter>
    </Image>
    <Image Include="res\sock1.bmp">
      <Filter>Resource Files</Filter>
    </Image>
    <Image Include="res\sock2.bmp">
      <Filter>Resource Files</Filter>
    </Image>
    <Image Include="res\sock3.bmp">
      <Filter>Resource Files</Filter>
    </Image>
    <Image Include="res\sock4.bmp">
      <Filter>Resource Files</Filter>
    </Image>
    <Image Include="res\sock5.bmp">
      <Filter>Resource Files</Filter>
    </Image>
    <Image Include="res\sock6.bmp">
      <Filter>Resource Files</Filter>
    </Image>
    <Image Include="res\sock7.bmp">
      <Filter>Resource Files</Filter>
    </Image>
    <Image Include="res\sock8.bmp">
      <Filter>Resource Files</Filter>
    </Image>
    <Image Include="res\SockGame1.ico">
      <Filter>Resource Files</Filter>
    </Image>
  </ItemGroup>
  <ItemGroup>
    <None Include="res\SockGame1.rc2">
      <Filter>Resource Files</Filter>
    </None>
  </ItemGroup>
  <ItemGroup>
    <Text Include="ReadMe.txt" />
  </ItemGroup>
</Project>